
Microsoft Visual Studio Solution File, Format Version 12.00
# Visual Studio Version 16
VisualStudioVersion = 16.0.31911.196
MinimumVisualStudioVersion = 10.0.40219.1
Project("{FAE04EC0-301F-11D3-BF4B-00C04F79EFBC}") = "HOME_LOAN-BE", "HOME_LOAN-BE\HOME_LOAN-BE.csproj", "{FEC038A7-1E9D-47BA-80DE-291AABDC1EC8}"
EndProject
Global
	GlobalSection(SolutionConfigurationPlatforms) = preSolution
		Debug|Any CPU = Debug|Any CPU
		Release|Any CPU = Release|Any CPU
	EndGlobalSection
	GlobalSection(ProjectConfigurationPlatforms) = postSolution
		{FEC038A7-1E9D-47BA-80DE-291AABDC1EC8}.Debug|Any CPU.ActiveCfg = Debug|Any CPU
		{FEC038A7-1E9D-47BA-80DE-291AABDC1EC8}.Debug|Any CPU.Build.0 = Debug|Any CPU
		{FEC038A7-1E9D-47BA-80DE-291AABDC1EC8}.Release|Any CPU.ActiveCfg = Release|Any CPU
		{FEC038A7-1E9D-47BA-80DE-291AABDC1EC8}.Release|Any CPU.Build.0 = Release|Any CPU
	EndGlobalSection
	GlobalSection(SolutionProperties) = preSolution
		HideSolutionNode = FALSE
	EndGlobalSection
	GlobalSection(ExtensibilityGlobals) = postSolution
		SolutionGuid = {A3517771-83A1-4881-ACAF-F43444850302}
	EndGlobalSection
EndGlobal
